
Microsoft Visual Studio Solution File, Format Version 12.00
# Visual Studio 15
VisualStudioVersion = 15.0.26730.16
MinimumVisualStudioVersion = 10.0.40219.1
Project("{FAE04EC0-301F-11D3-BF4B-00C04F79EFBC}") = "ЧМ Лаб №6", "ЧМ Лаб №6\ЧМ Лаб №6.csproj", "{CBEDB559-E8BD-404A-8191-E7CDC1EC1D64}"
EndProject
Global
	GlobalSection(SolutionConfigurationPlatforms) = preSolution
		Debug|Any CPU = Debug|Any CPU
		Release|Any CPU = Release|Any CPU
	EndGlobalSection
	GlobalSection(ProjectConfigurationPlatforms) = postSolution
		{CBEDB559-E8BD-404A-8191-E7CDC1EC1D64}.Debug|Any CPU.ActiveCfg = Debug|Any CPU
		{CBEDB559-E8BD-404A-8191-E7CDC1EC1D64}.Debug|Any CPU.Build.0 = Debug|Any CPU
		{CBEDB559-E8BD-404A-8191-E7CDC1EC1D64}.Release|Any CPU.ActiveCfg = Release|Any CPU
		{CBEDB559-E8BD-404A-8191-E7CDC1EC1D64}.Release|Any CPU.Build.0 = Release|Any CPU
	EndGlobalSection
	GlobalSection(SolutionProperties) = preSolution
		HideSolutionNode = FALSE
	EndGlobalSection
	GlobalSection(ExtensibilityGlobals) = postSolution
		SolutionGuid = {F8194EBA-36F0-4E31-89D9-79FDA6F082B0}
	EndGlobalSection
EndGlobal
